
Microsoft Visual Studio Solution File, Format Version 12.00
# Visual Studio 15
VisualStudioVersion = 15.0.28010.2050
MinimumVisualStudioVersion = 10.0.40219.1
Project("{8BC9CEB8-8B4A-11D0-8D11-00A0C91BC942}") = "zad2-09-16", "zad2-09-16\zad2-09-16.vcxproj", "{0DBB4C0F-6659-4DA0-9307-5D2C7006F146}"
EndProject
Global
	GlobalSection(SolutionConfigurationPlatforms) = preSolution
		Debug|x64 = Debug|x64
		Debug|x86 = Debug|x86
		Release|x64 = Release|x64
		Release|x86 = Release|x86
	EndGlobalSection
	GlobalSection(ProjectConfigurationPlatforms) = postSolution
		{0DBB4C0F-6659-4DA0-9307-5D2C7006F146}.Debug|x64.ActiveCfg = Debug|x64
		{0DBB4C0F-6659-4DA0-9307-5D2C7006F146}.Debug|x64.Build.0 = Debug|x64
		{0DBB4C0F-6659-4DA0-9307-5D2C7006F146}.Debug|x86.ActiveCfg = Debug|Win32
		{0DBB4C0F-6659-4DA0-9307-5D2C7006F146}.Debug|x86.Build.0 = Debug|Win32
		{0DBB4C0F-6659-4DA0-9307-5D2C7006F146}.Release|x64.ActiveCfg = Release|x64
		{0DBB4C0F-6659-4DA0-9307-5D2C7006F146}.Release|x64.Build.0 = Release|x64
		{0DBB4C0F-6659-4DA0-9307-5D2C7006F146}.Release|x86.ActiveCfg = Release|Win32
		{0DBB4C0F-6659-4DA0-9307-5D2C7006F146}.Release|x86.Build.0 = Release|Win32
	EndGlobalSection
	GlobalSection(SolutionProperties) = preSolution
		HideSolutionNode = FALSE
	EndGlobalSection
	GlobalSection(ExtensibilityGlobals) = postSolution
		SolutionGuid = {29AC2FC6-410C-4985-821D-7AB37C91E16D}
	EndGlobalSection
EndGlobal
