
Microsoft Visual Studio Solution File, Format Version 12.00
# Visual Studio 15
VisualStudioVersion = 15.0.28010.2050
MinimumVisualStudioVersion = 10.0.40219.1
Project("{8BC9CEB8-8B4A-11D0-8D11-00A0C91BC942}") = "zad2-08-20", "zad2-08-20\zad2-08-20.vcxproj", "{FEFC00EF-A6B9-4AD4-9062-F3A871298CE9}"
EndProject
Global
	GlobalSection(SolutionConfigurationPlatforms) = preSolution
		Debug|x64 = Debug|x64
		Debug|x86 = Debug|x86
		Release|x64 = Release|x64
		Release|x86 = Release|x86
	EndGlobalSection
	GlobalSection(ProjectConfigurationPlatforms) = postSolution
		{FEFC00EF-A6B9-4AD4-9062-F3A871298CE9}.Debug|x64.ActiveCfg = Debug|x64
		{FEFC00EF-A6B9-4AD4-9062-F3A871298CE9}.Debug|x64.Build.0 = Debug|x64
		{FEFC00EF-A6B9-4AD4-9062-F3A871298CE9}.Debug|x86.ActiveCfg = Debug|Win32
		{FEFC00EF-A6B9-4AD4-9062-F3A871298CE9}.Debug|x86.Build.0 = Debug|Win32
		{FEFC00EF-A6B9-4AD4-9062-F3A871298CE9}.Release|x64.ActiveCfg = Release|x64
		{FEFC00EF-A6B9-4AD4-9062-F3A871298CE9}.Release|x64.Build.0 = Release|x64
		{FEFC00EF-A6B9-4AD4-9062-F3A871298CE9}.Release|x86.ActiveCfg = Release|Win32
		{FEFC00EF-A6B9-4AD4-9062-F3A871298CE9}.Release|x86.Build.0 = Release|Win32
	EndGlobalSection
	GlobalSection(SolutionProperties) = preSolution
		HideSolutionNode = FALSE
	EndGlobalSection
	GlobalSection(ExtensibilityGlobals) = postSolution
		SolutionGuid = {1323B7E3-F9F0-4052-8196-E4AC8D1C7637}
	EndGlobalSection
EndGlobal
